
Microsoft Visual Studio Solution File, Format Version 12.00
# Visual Studio Version 16
VisualStudioVersion = 16.0.29728.190
MinimumVisualStudioVersion = 10.0.40219.1
Project("{FAE04EC0-301F-11D3-BF4B-00C04F79EFBC}") = "RazorPagesMovie", "RazorPagesMovie.csproj", "{5F3506D5-F6AE-4825-AC82-3D19CABBEC22}"
EndProject
Global
	GlobalSection(SolutionConfigurationPlatforms) = preSolution
		Debug|Any CPU = Debug|Any CPU
		Release|Any CPU = Release|Any CPU
	EndGlobalSection
	GlobalSection(ProjectConfigurationPlatforms) = postSolution
		{5F3506D5-F6AE-4825-AC82-3D19CABBEC22}.Debug|Any CPU.ActiveCfg = Debug|Any CPU
		{5F3506D5-F6AE-4825-AC82-3D19CABBEC22}.Debug|Any CPU.Build.0 = Debug|Any CPU
		{5F3506D5-F6AE-4825-AC82-3D19CABBEC22}.Release|Any CPU.ActiveCfg = Release|Any CPU
		{5F3506D5-F6AE-4825-AC82-3D19CABBEC22}.Release|Any CPU.Build.0 = Release|Any CPU
	EndGlobalSection
	GlobalSection(SolutionProperties) = preSolution
		HideSolutionNode = FALSE
	EndGlobalSection
	GlobalSection(ExtensibilityGlobals) = postSolution
		SolutionGuid = {C513AE08-7D4B-42E7-B367-6F127EBA399E}
	EndGlobalSection
EndGlobal
